
Microsoft Visual Studio Solution File, Format Version 12.00
# Visual Studio Version 17
VisualStudioVersion = 17.0.31903.59
MinimumVisualStudioVersion = 10.0.40219.1
Project("{FAE04EC0-301F-11D3-BF4B-00C04F79EFBC}") = "BlazorServerApp", "BlazorServerApp\BlazorServerApp.csproj", "{25DBA9BF-09A2-4886-8156-DBFB995886E3}"
EndProject
Project("{2150E333-8FDC-42A3-9474-1A3956D46DE8}") = "Frontend", "Frontend", "{889AE5C4-3BE5-413A-9952-70A69C5256D7}"
EndProject
Project("{2150E333-8FDC-42A3-9474-1A3956D46DE8}") = "Backend", "Backend", "{6BFAF043-A320-4A9F-A68E-7D36ED4A59FA}"
EndProject
Project("{2150E333-8FDC-42A3-9474-1A3956D46DE8}") = "Archway", "Archway", "{0F10D8F7-1616-482F-A42E-E632C1B1D94A}"
EndProject
Project("{FAE04EC0-301F-11D3-BF4B-00C04F79EFBC}") = "Archway.ValueManage.Domain", "Archway.ValueManage.Domain\Archway.ValueManage.Domain.csproj", "{BD5726D7-1D65-449C-873E-09A57A8750CD}"
EndProject
Project("{2150E333-8FDC-42A3-9474-1A3956D46DE8}") = "Services", "Services", "{498902BE-7613-4737-B892-4BDAE77AC363}"
EndProject
Project("{2150E333-8FDC-42A3-9474-1A3956D46DE8}") = "src", "src", "{C2CCDC9D-0902-44F2-BE8C-D507F4061C95}"
EndProject
Project("{2150E333-8FDC-42A3-9474-1A3956D46DE8}") = "test", "test", "{1D7786C0-BF1F-42E5-B309-221A4D63945B}"
EndProject
Project("{2150E333-8FDC-42A3-9474-1A3956D46DE8}") = "Core", "Core", "{1DEF504B-8522-43E7-898E-09D403D79DCC}"
EndProject
Project("{FAE04EC0-301F-11D3-BF4B-00C04F79EFBC}") = "Archway.SharedKernel", "Archway.SharedKernel\Archway.SharedKernel.csproj", "{EB50019F-CF31-4BC3-8DC1-7D565F33A664}"
EndProject
Project("{2150E333-8FDC-42A3-9474-1A3956D46DE8}") = "Archway", "Archway", "{828D0C79-CFAC-470C-A662-993EBFA2F7A7}"
EndProject
Global
	GlobalSection(SolutionConfigurationPlatforms) = preSolution
		Debug|Any CPU = Debug|Any CPU
		Release|Any CPU = Release|Any CPU
	EndGlobalSection
	GlobalSection(SolutionProperties) = preSolution
		HideSolutionNode = FALSE
	EndGlobalSection
	GlobalSection(ProjectConfigurationPlatforms) = postSolution
		{25DBA9BF-09A2-4886-8156-DBFB995886E3}.Debug|Any CPU.ActiveCfg = Debug|Any CPU
		{25DBA9BF-09A2-4886-8156-DBFB995886E3}.Debug|Any CPU.Build.0 = Debug|Any CPU
		{25DBA9BF-09A2-4886-8156-DBFB995886E3}.Release|Any CPU.ActiveCfg = Release|Any CPU
		{25DBA9BF-09A2-4886-8156-DBFB995886E3}.Release|Any CPU.Build.0 = Release|Any CPU
		{BD5726D7-1D65-449C-873E-09A57A8750CD}.Debug|Any CPU.ActiveCfg = Debug|Any CPU
		{BD5726D7-1D65-449C-873E-09A57A8750CD}.Debug|Any CPU.Build.0 = Debug|Any CPU
		{BD5726D7-1D65-449C-873E-09A57A8750CD}.Release|Any CPU.ActiveCfg = Release|Any CPU
		{BD5726D7-1D65-449C-873E-09A57A8750CD}.Release|Any CPU.Build.0 = Release|Any CPU
		{EB50019F-CF31-4BC3-8DC1-7D565F33A664}.Debug|Any CPU.ActiveCfg = Debug|Any CPU
		{EB50019F-CF31-4BC3-8DC1-7D565F33A664}.Debug|Any CPU.Build.0 = Debug|Any CPU
		{EB50019F-CF31-4BC3-8DC1-7D565F33A664}.Release|Any CPU.ActiveCfg = Release|Any CPU
		{EB50019F-CF31-4BC3-8DC1-7D565F33A664}.Release|Any CPU.Build.0 = Release|Any CPU
	EndGlobalSection
	GlobalSection(NestedProjects) = preSolution
		{25DBA9BF-09A2-4886-8156-DBFB995886E3} = {889AE5C4-3BE5-413A-9952-70A69C5256D7}
		{498902BE-7613-4737-B892-4BDAE77AC363} = {6BFAF043-A320-4A9F-A68E-7D36ED4A59FA}
		{BD5726D7-1D65-449C-873E-09A57A8750CD} = {498902BE-7613-4737-B892-4BDAE77AC363}
		{889AE5C4-3BE5-413A-9952-70A69C5256D7} = {C2CCDC9D-0902-44F2-BE8C-D507F4061C95}
		{6BFAF043-A320-4A9F-A68E-7D36ED4A59FA} = {C2CCDC9D-0902-44F2-BE8C-D507F4061C95}
		{0F10D8F7-1616-482F-A42E-E632C1B1D94A} = {C2CCDC9D-0902-44F2-BE8C-D507F4061C95}
		{1DEF504B-8522-43E7-898E-09D403D79DCC} = {0F10D8F7-1616-482F-A42E-E632C1B1D94A}
		{EB50019F-CF31-4BC3-8DC1-7D565F33A664} = {1DEF504B-8522-43E7-898E-09D403D79DCC}
		{828D0C79-CFAC-470C-A662-993EBFA2F7A7} = {1D7786C0-BF1F-42E5-B309-221A4D63945B}
	EndGlobalSection
EndGlobal
